// !$*UTF8*$!
{
	archiveVersion = 1;
	classes = {
	};
	objectVersion = 56;
	objects = {

/* Begin PBXBuildFile section */
		991EEC462BB1C5DF00AEA6F9 /* Color+Extension.swift in Sources */ = {isa = PBXBuildFile; fileRef = 991EEC452BB1C5DF00AEA6F9 /* Color+Extension.swift */; };
		991EEC482BB1C5FD00AEA6F9 /* Team.swift in Sources */ = {isa = PBXBuildFile; fileRef = 991EEC472BB1C5FD00AEA6F9 /* Team.swift */; };
		9920636A2BB18AD2002760B0 /* TeamDetailView.swift in Sources */ = {isa = PBXBuildFile; fileRef = 992063692BB18AD2002760B0 /* TeamDetailView.swift */; };
		9920636B2BB18AD2002760B0 /* TeamDetailView.swift in Sources */ = {isa = PBXBuildFile; fileRef = 992063692BB18AD2002760B0 /* TeamDetailView.swift */; };
		9920636C2BB18AD2002760B0 /* TeamDetailView.swift in Sources */ = {isa = PBXBuildFile; fileRef = 992063692BB18AD2002760B0 /* TeamDetailView.swift */; };
		99B6800C2BB14F2600BFAE63 /* WHO_AcademyApp.swift in Sources */ = {isa = PBXBuildFile; fileRef = 99B6800B2BB14F2600BFAE63 /* WHO_AcademyApp.swift */; };
		99B6800E2BB14F2600BFAE63 /* ContentView.swift in Sources */ = {isa = PBXBuildFile; fileRef = 99B6800D2BB14F2600BFAE63 /* ContentView.swift */; };
		99B680102BB14F2800BFAE63 /* Assets.xcassets in Resources */ = {isa = PBXBuildFile; fileRef = 99B6800F2BB14F2800BFAE63 /* Assets.xcassets */; };
		99B680132BB14F2800BFAE63 /* Preview Assets.xcassets in Resources */ = {isa = PBXBuildFile; fileRef = 99B680122BB14F2800BFAE63 /* Preview Assets.xcassets */; };
		99B6801D2BB14F2800BFAE63 /* WHO_AcademyTests.swift in Sources */ = {isa = PBXBuildFile; fileRef = 99B6801C2BB14F2800BFAE63 /* WHO_AcademyTests.swift */; };
		99B680272BB14F2800BFAE63 /* WHO_AcademyUITests.swift in Sources */ = {isa = PBXBuildFile; fileRef = 99B680262BB14F2800BFAE63 /* WHO_AcademyUITests.swift */; };
		99B680292BB14F2800BFAE63 /* WHO_AcademyUITestsLaunchTests.swift in Sources */ = {isa = PBXBuildFile; fileRef = 99B680282BB14F2800BFAE63 /* WHO_AcademyUITestsLaunchTests.swift */; };
		99B680362BB1561500BFAE63 /* Topics.swift in Sources */ = {isa = PBXBuildFile; fileRef = 99B680352BB1561500BFAE63 /* Topics.swift */; };
		99B680382BB1568800BFAE63 /* TopicRow.swift in Sources */ = {isa = PBXBuildFile; fileRef = 99B680372BB1568800BFAE63 /* TopicRow.swift */; };
		99B680392BB1568800BFAE63 /* TopicRow.swift in Sources */ = {isa = PBXBuildFile; fileRef = 99B680372BB1568800BFAE63 /* TopicRow.swift */; };
		99B6803A2BB1568800BFAE63 /* TopicRow.swift in Sources */ = {isa = PBXBuildFile; fileRef = 99B680372BB1568800BFAE63 /* TopicRow.swift */; };
		99B6803C2BB1665C00BFAE63 /* TeamsView.swift in Sources */ = {isa = PBXBuildFile; fileRef = 99B6803B2BB1665C00BFAE63 /* TeamsView.swift */; };
		99B6803D2BB1665C00BFAE63 /* TeamsView.swift in Sources */ = {isa = PBXBuildFile; fileRef = 99B6803B2BB1665C00BFAE63 /* TeamsView.swift */; };
		99B6803E2BB1665C00BFAE63 /* TeamsView.swift in Sources */ = {isa = PBXBuildFile; fileRef = 99B6803B2BB1665C00BFAE63 /* TeamsView.swift */; };
		99B680402BB1671100BFAE63 /* TeamsRow.swift in Sources */ = {isa = PBXBuildFile; fileRef = 99B6803F2BB1671100BFAE63 /* TeamsRow.swift */; };
		99B680412BB1671100BFAE63 /* TeamsRow.swift in Sources */ = {isa = PBXBuildFile; fileRef = 99B6803F2BB1671100BFAE63 /* TeamsRow.swift */; };
		99B680422BB1671100BFAE63 /* TeamsRow.swift in Sources */ = {isa = PBXBuildFile; fileRef = 99B6803F2BB1671100BFAE63 /* TeamsRow.swift */; };
/* End PBXBuildFile section */

/* Begin PBXContainerItemProxy section */
		99B680192BB14F2800BFAE63 /* PBXContainerItemProxy */ = {
			isa = PBXContainerItemProxy;
			containerPortal = 99B680002BB14F2600BFAE63 /* Project object */;
			proxyType = 1;
			remoteGlobalIDString = 99B680072BB14F2600BFAE63;
			remoteInfo = "WHO Academy";
		};
		99B680232BB14F2800BFAE63 /* PBXContainerItemProxy */ = {
			isa = PBXContainerItemProxy;
			containerPortal = 99B680002BB14F2600BFAE63 /* Project object */;
			proxyType = 1;
			remoteGlobalIDString = 99B680072BB14F2600BFAE63;
			remoteInfo = "WHO Academy";
		};
/* End PBXContainerItemProxy section */

/* Begin PBXFileReference section */
		991EEC452BB1C5DF00AEA6F9 /* Color+Extension.swift */ = {isa = PBXFileReference; lastKnownFileType = sourcecode.swift; path = "Color+Extension.swift"; sourceTree = "<group>"; };
		991EEC472BB1C5FD00AEA6F9 /* Team.swift */ = {isa = PBXFileReference; lastKnownFileType = sourcecode.swift; path = Team.swift; sourceTree = "<group>"; };
		992063692BB18AD2002760B0 /* TeamDetailView.swift */ = {isa = PBXFileReference; lastKnownFileType = sourcecode.swift; path = TeamDetailView.swift; sourceTree = "<group>"; };
		99B680082BB14F2600BFAE63 /* WHO Academy.app */ = {isa = PBXFileReference; explicitFileType = wrapper.application; includeInIndex = 0; path = "WHO Academy.app"; sourceTree = BUILT_PRODUCTS_DIR; };
		99B6800B2BB14F2600BFAE63 /* WHO_AcademyApp.swift */ = {isa = PBXFileReference; lastKnownFileType = sourcecode.swift; path = WHO_AcademyApp.swift; sourceTree = "<group>"; };
		99B6800D2BB14F2600BFAE63 /* ContentView.swift */ = {isa = PBXFileReference; lastKnownFileType = sourcecode.swift; path = ContentView.swift; sourceTree = "<group>"; };
		99B6800F2BB14F2800BFAE63 /* Assets.xcassets */ = {isa = PBXFileReference; lastKnownFileType = folder.assetcatalog; path = Assets.xcassets; sourceTree = "<group>"; };
		99B680122BB14F2800BFAE63 /* Preview Assets.xcassets */ = {isa = PBXFileReference; lastKnownFileType = folder.assetcatalog; path = "Preview Assets.xcassets"; sourceTree = "<group>"; };
		99B680182BB14F2800BFAE63 /* WHO AcademyTests.xctest */ = {isa = PBXFileReference; explicitFileType = wrapper.cfbundle; includeInIndex = 0; path = "WHO AcademyTests.xctest"; sourceTree = BUILT_PRODUCTS_DIR; };
		99B6801C2BB14F2800BFAE63 /* WHO_AcademyTests.swift */ = {isa = PBXFileReference; lastKnownFileType = sourcecode.swift; path = WHO_AcademyTests.swift; sourceTree = "<group>"; };
		99B680222BB14F2800BFAE63 /* WHO AcademyUITests.xctest */ = {isa = PBXFileReference; explicitFileType = wrapper.cfbundle; includeInIndex = 0; path = "WHO AcademyUITests.xctest"; sourceTree = BUILT_PRODUCTS_DIR; };
		99B680262BB14F2800BFAE63 /* WHO_AcademyUITests.swift */ = {isa = PBXFileReference; lastKnownFileType = sourcecode.swift; path = WHO_AcademyUITests.swift; sourceTree = "<group>"; };
		99B680282BB14F2800BFAE63 /* WHO_AcademyUITestsLaunchTests.swift */ = {isa = PBXFileReference; lastKnownFileType = sourcecode.swift; path = WHO_AcademyUITestsLaunchTests.swift; sourceTree = "<group>"; };
		99B680352BB1561500BFAE63 /* Topics.swift */ = {isa = PBXFileReference; lastKnownFileType = sourcecode.swift; path = Topics.swift; sourceTree = "<group>"; };
		99B680372BB1568800BFAE63 /* TopicRow.swift */ = {isa = PBXFileReference; lastKnownFileType = sourcecode.swift; path = TopicRow.swift; sourceTree = "<group>"; };
		99B6803B2BB1665C00BFAE63 /* TeamsView.swift */ = {isa = PBXFileReference; lastKnownFileType = sourcecode.swift; path = TeamsView.swift; sourceTree = "<group>"; };
		99B6803F2BB1671100BFAE63 /* TeamsRow.swift */ = {isa = PBXFileReference; lastKnownFileType = sourcecode.swift; path = TeamsRow.swift; sourceTree = "<group>"; };
/* End PBXFileReference section */

/* Begin PBXFrameworksBuildPhase section */
		99B680052BB14F2600BFAE63 /* Frameworks */ = {
			isa = PBXFrameworksBuildPhase;
			buildActionMask = 2147483647;
			files = (
			);
			runOnlyForDeploymentPostprocessing = 0;
		};
		99B680152BB14F2800BFAE63 /* Frameworks */ = {
			isa = PBXFrameworksBuildPhase;
			buildActionMask = 2147483647;
			files = (
			);
			runOnlyForDeploymentPostprocessing = 0;
		};
		99B6801F2BB14F2800BFAE63 /* Frameworks */ = {
			isa = PBXFrameworksBuildPhase;
			buildActionMask = 2147483647;
			files = (
			);
			runOnlyForDeploymentPostprocessing = 0;
		};
/* End PBXFrameworksBuildPhase section */

/* Begin PBXGroup section */
		99B67FFF2BB14F2600BFAE63 = {
			isa = PBXGroup;
			children = (
				99B6800A2BB14F2600BFAE63 /* WHO Academy */,
				99B6801B2BB14F2800BFAE63 /* WHO AcademyTests */,
				99B680252BB14F2800BFAE63 /* WHO AcademyUITests */,
				99B680092BB14F2600BFAE63 /* Products */,
			);
			sourceTree = "<group>";
		};
		99B680092BB14F2600BFAE63 /* Products */ = {
			isa = PBXGroup;
			children = (
				99B680082BB14F2600BFAE63 /* WHO Academy.app */,
				99B680182BB14F2800BFAE63 /* WHO AcademyTests.xctest */,
				99B680222BB14F2800BFAE63 /* WHO AcademyUITests.xctest */,
			);
			name = Products;
			sourceTree = "<group>";
		};
		99B6800A2BB14F2600BFAE63 /* WHO Academy */ = {
			isa = PBXGroup;
			children = (
				99B6800B2BB14F2600BFAE63 /* WHO_AcademyApp.swift */,
				99B6800D2BB14F2600BFAE63 /* ContentView.swift */,
				99B6800F2BB14F2800BFAE63 /* Assets.xcassets */,
				99B680112BB14F2800BFAE63 /* Preview Content */,
				99B680352BB1561500BFAE63 /* Topics.swift */,
				99B680372BB1568800BFAE63 /* TopicRow.swift */,
				99B6803B2BB1665C00BFAE63 /* TeamsView.swift */,
				99B6803F2BB1671100BFAE63 /* TeamsRow.swift */,
				992063692BB18AD2002760B0 /* TeamDetailView.swift */,
				991EEC452BB1C5DF00AEA6F9 /* Color+Extension.swift */,
				991EEC472BB1C5FD00AEA6F9 /* Team.swift */,
			);
			path = "WHO Academy";
			sourceTree = "<group>";
		};
		99B680112BB14F2800BFAE63 /* Preview Content */ = {
			isa = PBXGroup;
			children = (
				99B680122BB14F2800BFAE63 /* Preview Assets.xcassets */,
			);
			path = "Preview Content";
			sourceTree = "<group>";
		};
		99B6801B2BB14F2800BFAE63 /* WHO AcademyTests */ = {
			isa = PBXGroup;
			children = (
				99B6801C2BB14F2800BFAE63 /* WHO_AcademyTests.swift */,
			);
			path = "WHO AcademyTests";
			sourceTree = "<group>";
		};
		99B680252BB14F2800BFAE63 /* WHO AcademyUITests */ = {
			isa = PBXGroup;
			children = (
				99B680262BB14F2800BFAE63 /* WHO_AcademyUITests.swift */,
				99B680282BB14F2800BFAE63 /* WHO_AcademyUITestsLaunchTests.swift */,
			);
			path = "WHO AcademyUITests";
			sourceTree = "<group>";
		};
/* End PBXGroup section */

/* Begin PBXNativeTarget section */
		99B680072BB14F2600BFAE63 /* WHO Academy */ = {
			isa = PBXNativeTarget;
			buildConfigurationList = 99B6802C2BB14F2800BFAE63 /* Build configuration list for PBXNativeTarget "WHO Academy" */;
			buildPhases = (
				99B680042BB14F2600BFAE63 /* Sources */,
				99B680052BB14F2600BFAE63 /* Frameworks */,
				99B680062BB14F2600BFAE63 /* Resources */,
			);
			buildRules = (
			);
			dependencies = (
			);
			name = "WHO Academy";
			productName = "WHO Academy";
			productReference = 99B680082BB14F2600BFAE63 /* WHO Academy.app */;
			productType = "com.apple.product-type.application";
		};
		99B680172BB14F2800BFAE63 /* WHO AcademyTests */ = {
			isa = PBXNativeTarget;
			buildConfigurationList = 99B6802F2BB14F2800BFAE63 /* Build configuration list for PBXNativeTarget "WHO AcademyTests" */;
			buildPhases = (
				99B680142BB14F2800BFAE63 /* Sources */,
				99B680152BB14F2800BFAE63 /* Frameworks */,
				99B680162BB14F2800BFAE63 /* Resources */,
			);
			buildRules = (
			);
			dependencies = (
				99B6801A2BB14F2800BFAE63 /* PBXTargetDependency */,
			);
			name = "WHO AcademyTests";
			productName = "WHO AcademyTests";
			productReference = 99B680182BB14F2800BFAE63 /* WHO AcademyTests.xctest */;
			productType = "com.apple.product-type.bundle.unit-test";
		};
		99B680212BB14F2800BFAE63 /* WHO AcademyUITests */ = {
			isa = PBXNativeTarget;
			buildConfigurationList = 99B680322BB14F2800BFAE63 /* Build configuration list for PBXNativeTarget "WHO AcademyUITests" */;
			buildPhases = (
				99B6801E2BB14F2800BFAE63 /* Sources */,
				99B6801F2BB14F2800BFAE63 /* Frameworks */,
				99B680202BB14F2800BFAE63 /* Resources */,
			);
			buildRules = (
			);
			dependencies = (
				99B680242BB14F2800BFAE63 /* PBXTargetDependency */,
			);
			name = "WHO AcademyUITests";
			productName = "WHO AcademyUITests";
			productReference = 99B680222BB14F2800BFAE63 /* WHO AcademyUITests.xctest */;
			productType = "com.apple.product-type.bundle.ui-testing";
		};
/* End PBXNativeTarget section */

/* Begin PBXProject section */
		99B680002BB14F2600BFAE63 /* Project object */ = {
			isa = PBXProject;
			attributes = {
				BuildIndependentTargetsInParallel = 1;
				LastSwiftUpdateCheck = 1500;
				LastUpgradeCheck = 1500;
				TargetAttributes = {
					99B680072BB14F2600BFAE63 = {
						CreatedOnToolsVersion = 15.0;
					};
					99B680172BB14F2800BFAE63 = {
						CreatedOnToolsVersion = 15.0;
						TestTargetID = 99B680072BB14F2600BFAE63;
					};
					99B680212BB14F2800BFAE63 = {
						CreatedOnToolsVersion = 15.0;
						TestTargetID = 99B680072BB14F2600BFAE63;
					};
				};
			};
			buildConfigurationList = 99B680032BB14F2600BFAE63 /* Build configuration list for PBXProject "WHO Academy" */;
			compatibilityVersion = "Xcode 14.0";
			developmentRegion = en;
			hasScannedForEncodings = 0;
			knownRegions = (
				en,
				Base,
			);
			mainGroup = 99B67FFF2BB14F2600BFAE63;
			productRefGroup = 99B680092BB14F2600BFAE63 /* Products */;
			projectDirPath = "";
			projectRoot = "";
			targets = (
				99B680072BB14F2600BFAE63 /* WHO Academy */,
				99B680172BB14F2800BFAE63 /* WHO AcademyTests */,
				99B680212BB14F2800BFAE63 /* WHO AcademyUITests */,
			);
		};
/* End PBXProject section */

/* Begin PBXResourcesBuildPhase section */
		99B680062BB14F2600BFAE63 /* Resources */ = {
			isa = PBXResourcesBuildPhase;
			buildActionMask = 2147483647;
			files = (
				99B680132BB14F2800BFAE63 /* Preview Assets.xcassets in Resources */,
				99B680102BB14F2800BFAE63 /* Assets.xcassets in Resources */,
			);
			runOnlyForDeploymentPostprocessing = 0;
		};
		99B680162BB14F2800BFAE63 /* Resources */ = {
			isa = PBXResourcesBuildPhase;
			buildActionMask = 2147483647;
			files = (
			);
			runOnlyForDeploymentPostprocessing = 0;
		};
		99B680202BB14F2800BFAE63 /* Resources */ = {
			isa = PBXResourcesBuildPhase;
			buildActionMask = 2147483647;
			files = (
			);
			runOnlyForDeploymentPostprocessing = 0;
		};
/* End PBXResourcesBuildPhase section */

/* Begin PBXSourcesBuildPhase section */
		99B680042BB14F2600BFAE63 /* Sources */ = {
			isa = PBXSourcesBuildPhase;
			buildActionMask = 2147483647;
			files = (
				991EEC482BB1C5FD00AEA6F9 /* Team.swift in Sources */,
				99B680382BB1568800BFAE63 /* TopicRow.swift in Sources */,
				99B680362BB1561500BFAE63 /* Topics.swift in Sources */,
				99B6800E2BB14F2600BFAE63 /* ContentView.swift in Sources */,
				99B680402BB1671100BFAE63 /* TeamsRow.swift in Sources */,
				99B6803C2BB1665C00BFAE63 /* TeamsView.swift in Sources */,
				99B6800C2BB14F2600BFAE63 /* WHO_AcademyApp.swift in Sources */,
				9920636A2BB18AD2002760B0 /* TeamDetailView.swift in Sources */,
				991EEC462BB1C5DF00AEA6F9 /* Color+Extension.swift in Sources */,
			);
			runOnlyForDeploymentPostprocessing = 0;
		};
		99B680142BB14F2800BFAE63 /* Sources */ = {
			isa = PBXSourcesBuildPhase;
			buildActionMask = 2147483647;
			files = (
				99B6803D2BB1665C00BFAE63 /* TeamsView.swift in Sources */,
				99B680392BB1568800BFAE63 /* TopicRow.swift in Sources */,
				99B6801D2BB14F2800BFAE63 /* WHO_AcademyTests.swift in Sources */,
				9920636B2BB18AD2002760B0 /* TeamDetailView.swift in Sources */,
				99B680412BB1671100BFAE63 /* TeamsRow.swift in Sources */,
			);
			runOnlyForDeploymentPostprocessing = 0;
		};
		99B6801E2BB14F2800BFAE63 /* Sources */ = {
			isa = PBXSourcesBuildPhase;
			buildActionMask = 2147483647;
			files = (
				9920636C2BB18AD2002760B0 /* TeamDetailView.swift in Sources */,
				99B680292BB14F2800BFAE63 /* WHO_AcademyUITestsLaunchTests.swift in Sources */,
				99B680272BB14F2800BFAE63 /* WHO_AcademyUITests.swift in Sources */,
				99B6803A2BB1568800BFAE63 /* TopicRow.swift in Sources */,
				99B6803E2BB1665C00BFAE63 /* TeamsView.swift in Sources */,
				99B680422BB1671100BFAE63 /* TeamsRow.swift in Sources */,
			);
			runOnlyForDeploymentPostprocessing = 0;
		};
/* End PBXSourcesBuildPhase section */

/* Begin PBXTargetDependency section */
		99B6801A2BB14F2800BFAE63 /* PBXTargetDependency */ = {
			isa = PBXTargetDependency;
			target = 99B680072BB14F2600BFAE63 /* WHO Academy */;
			targetProxy = 99B680192BB14F2800BFAE63 /* PBXContainerItemProxy */;
		};
		99B680242BB14F2800BFAE63 /* PBXTargetDependency */ = {
			isa = PBXTargetDependency;
			target = 99B680072BB14F2600BFAE63 /* WHO Academy */;
			targetProxy = 99B680232BB14F2800BFAE63 /* PBXContainerItemProxy */;
		};
/* End PBXTargetDependency section */

/* Begin XCBuildConfiguration section */
		99B6802A2BB14F2800BFAE63 /* Debug */ = {
			isa = XCBuildConfiguration;
			buildSettings = {
				ALWAYS_SEARCH_USER_PATHS = NO;
				ASSETCATALOG_COMPILER_GENERATE_SWIFT_ASSET_SYMBOL_EXTENSIONS = YES;
				CLANG_ANALYZER_NONNULL = YES;
				CLANG_ANALYZER_NUMBER_OBJECT_CONVERSION = YES_AGGRESSIVE;
				CLANG_CXX_LANGUAGE_STANDARD = "gnu++20";
				CLANG_ENABLE_MODULES = YES;
				CLANG_ENABLE_OBJC_ARC = YES;
				CLANG_ENABLE_OBJC_WEAK = YES;
				CLANG_WARN_BLOCK_CAPTURE_AUTORELEASING = YES;
				CLANG_WARN_BOOL_CONVERSION = YES;
				CLANG_WARN_COMMA = YES;
				CLANG_WARN_CONSTANT_CONVERSION = YES;
				CLANG_WARN_DEPRECATED_OBJC_IMPLEMENTATIONS = YES;
				CLANG_WARN_DIRECT_OBJC_ISA_USAGE = YES_ERROR;
				CLANG_WARN_DOCUMENTATION_COMMENTS = YES;
				CLANG_WARN_EMPTY_BODY = YES;
				CLANG_WARN_ENUM_CONVERSION = YES;
				CLANG_WARN_INFINITE_RECURSION = YES;
				CLANG_WARN_INT_CONVERSION = YES;
				CLANG_WARN_NON_LITERAL_NULL_CONVERSION = YES;
				CLANG_WARN_OBJC_IMPLICIT_RETAIN_SELF = YES;
				CLANG_WARN_OBJC_LITERAL_CONVERSION = YES;
				CLANG_WARN_OBJC_ROOT_CLASS = YES_ERROR;
				CLANG_WARN_QUOTED_INCLUDE_IN_FRAMEWORK_HEADER = YES;
				CLANG_WARN_RANGE_LOOP_ANALYSIS = YES;
				CLANG_WARN_STRICT_PROTOTYPES = YES;
				CLANG_WARN_SUSPICIOUS_MOVE = YES;
				CLANG_WARN_UNGUARDED_AVAILABILITY = YES_AGGRESSIVE;
				CLANG_WARN_UNREACHABLE_CODE = YES;
				CLANG_WARN__DUPLICATE_METHOD_MATCH = YES;
				COPY_PHASE_STRIP = NO;
				DEBUG_INFORMATION_FORMAT = dwarf;
				ENABLE_STRICT_OBJC_MSGSEND = YES;
				ENABLE_TESTABILITY = YES;
				ENABLE_USER_SCRIPT_SANDBOXING = YES;
				GCC_C_LANGUAGE_STANDARD = gnu17;
				GCC_DYNAMIC_NO_PIC = NO;
				GCC_NO_COMMON_BLOCKS = YES;
				GCC_OPTIMIZATION_LEVEL = 0;
				GCC_PREPROCESSOR_DEFINITIONS = (
					"DEBUG=1",
					"$(inherited)",
				);
				GCC_WARN_64_TO_32_BIT_CONVERSION = YES;
				GCC_WARN_ABOUT_RETURN_TYPE = YES_ERROR;
				GCC_WARN_UNDECLARED_SELECTOR = YES;
				GCC_WARN_UNINITIALIZED_AUTOS = YES_AGGRESSIVE;
				GCC_WARN_UNUSED_FUNCTION = YES;
				GCC_WARN_UNUSED_VARIABLE = YES;
				IPHONEOS_DEPLOYMENT_TARGET = 17.0;
				LOCALIZATION_PREFERS_STRING_CATALOGS = YES;
				MTL_ENABLE_DEBUG_INFO = INCLUDE_SOURCE;
				MTL_FAST_MATH = YES;
				ONLY_ACTIVE_ARCH = YES;
				SDKROOT = iphoneos;
				SWIFT_ACTIVE_COMPILATION_CONDITIONS = "DEBUG $(inherited)";
				SWIFT_OPTIMIZATION_LEVEL = "-Onone";
			};
			name = Debug;
		};
		99B6802B2BB14F2800BFAE63 /* Release */ = {
			isa = XCBuildConfiguration;
			buildSettings = {
				ALWAYS_SEARCH_USER_PATHS = NO;
				ASSETCATALOG_COMPILER_GENERATE_SWIFT_ASSET_SYMBOL_EXTENSIONS = YES;
				CLANG_ANALYZER_NONNULL = YES;
				CLANG_ANALYZER_NUMBER_OBJECT_CONVERSION = YES_AGGRESSIVE;
				CLANG_CXX_LANGUAGE_STANDARD = "gnu++20";
				CLANG_ENABLE_MODULES = YES;
				CLANG_ENABLE_OBJC_ARC = YES;
				CLANG_ENABLE_OBJC_WEAK = YES;
				CLANG_WARN_BLOCK_CAPTURE_AUTORELEASING = YES;
				CLANG_WARN_BOOL_CONVERSION = YES;
				CLANG_WARN_COMMA = YES;
				CLANG_WARN_CONSTANT_CONVERSION = YES;
				CLANG_WARN_DEPRECATED_OBJC_IMPLEMENTATIONS = YES;
				CLANG_WARN_DIRECT_OBJC_ISA_USAGE = YES_ERROR;
				CLANG_WARN_DOCUMENTATION_COMMENTS = YES;
				CLANG_WARN_EMPTY_BODY = YES;
				CLANG_WARN_ENUM_CONVERSION = YES;
				CLANG_WARN_INFINITE_RECURSION = YES;
				CLANG_WARN_INT_CONVERSION = YES;
				CLANG_WARN_NON_LITERAL_NULL_CONVERSION = YES;
				CLANG_WARN_OBJC_IMPLICIT_RETAIN_SELF = YES;
				CLANG_WARN_OBJC_LITERAL_CONVERSION = YES;
				CLANG_WARN_OBJC_ROOT_CLASS = YES_ERROR;
				CLANG_WARN_QUOTED_INCLUDE_IN_FRAMEWORK_HEADER = YES;
				CLANG_WARN_RANGE_LOOP_ANALYSIS = YES;
				CLANG_WARN_STRICT_PROTOTYPES = YES;
				CLANG_WARN_SUSPICIOUS_MOVE = YES;
				CLANG_WARN_UNGUARDED_AVAILABILITY = YES_AGGRESSIVE;
				CLANG_WARN_UNREACHABLE_CODE = YES;
				CLANG_WARN__DUPLICATE_METHOD_MATCH = YES;
				COPY_PHASE_STRIP = NO;
				DEBUG_INFORMATION_FORMAT = "dwarf-with-dsym";
				ENABLE_NS_ASSERTIONS = NO;
				ENABLE_STRICT_OBJC_MSGSEND = YES;
				ENABLE_USER_SCRIPT_SANDBOXING = YES;
				GCC_C_LANGUAGE_STANDARD = gnu17;
				GCC_NO_COMMON_BLOCKS = YES;
				GCC_WARN_64_TO_32_BIT_CONVERSION = YES;
				GCC_WARN_ABOUT_RETURN_TYPE = YES_ERROR;
				GCC_WARN_UNDECLARED_SELECTOR = YES;
				GCC_WARN_UNINITIALIZED_AUTOS = YES_AGGRESSIVE;
				GCC_WARN_UNUSED_FUNCTION = YES;
				GCC_WARN_UNUSED_VARIABLE = YES;
				IPHONEOS_DEPLOYMENT_TARGET = 17.0;
				LOCALIZATION_PREFERS_STRING_CATALOGS = YES;
				MTL_ENABLE_DEBUG_INFO = NO;
				MTL_FAST_MATH = YES;
				SDKROOT = iphoneos;
				SWIFT_COMPILATION_MODE = wholemodule;
				VALIDATE_PRODUCT = YES;
			};
			name = Release;
		};
		99B6802D2BB14F2800BFAE63 /* Debug */ = {
			isa = XCBuildConfiguration;
			buildSettings = {
				ASSETCATALOG_COMPILER_APPICON_NAME = AppIcon;
				ASSETCATALOG_COMPILER_GLOBAL_ACCENT_COLOR_NAME = AccentColor;
				CODE_SIGN_STYLE = Automatic;
				CURRENT_PROJECT_VERSION = 1;
				DEVELOPMENT_ASSET_PATHS = "\"WHO Academy/Preview Content\"";
				ENABLE_PREVIEWS = YES;
				GENERATE_INFOPLIST_FILE = YES;
				INFOPLIST_KEY_UIApplicationSceneManifest_Generation = YES;
				INFOPLIST_KEY_UIApplicationSupportsIndirectInputEvents = YES;
				INFOPLIST_KEY_UILaunchScreen_Generation = YES;
				INFOPLIST_KEY_UISupportedInterfaceOrientations_iPad = "UIInterfaceOrientationPortrait UIInterfaceOrientationPortraitUpsideDown UIInterfaceOrientationLandscapeLeft UIInterfaceOrientationLandscapeRight";
				INFOPLIST_KEY_UISupportedInterfaceOrientations_iPhone = "UIInterfaceOrientationPortrait UIInterfaceOrientationLandscapeLeft UIInterfaceOrientationLandscapeRight";
				LD_RUNPATH_SEARCH_PATHS = (
					"$(inherited)",
					"@executable_path/Frameworks",
				);
				MARKETING_VERSION = 1.0;
				PRODUCT_BUNDLE_IDENTIFIER = "Goutham.WHO-Academy";
				PRODUCT_NAME = "$(TARGET_NAME)";
				SWIFT_EMIT_LOC_STRINGS = YES;
				SWIFT_VERSION = 5.0;
				TARGETED_DEVICE_FAMILY = "1,2";
			};
			name = Debug;
		};
		99B6802E2BB14F2800BFAE63 /* Release */ = {
			isa = XCBuildConfiguration;
			buildSettings = {
				ASSETCATALOG_COMPILER_APPICON_NAME = AppIcon;
				ASSETCATALOG_COMPILER_GLOBAL_ACCENT_COLOR_NAME = AccentColor;
				CODE_SIGN_STYLE = Automatic;
				CURRENT_PROJECT_VERSION = 1;
				DEVELOPMENT_ASSET_PATHS = "\"WHO Academy/Preview Content\"";
				ENABLE_PREVIEWS = YES;
				GENERATE_INFOPLIST_FILE = YES;
				INFOPLIST_KEY_UIApplicationSceneManifest_Generation = YES;
				INFOPLIST_KEY_UIApplicationSupportsIndirectInputEvents = YES;
				INFOPLIST_KEY_UILaunchScreen_Generation = YES;
				INFOPLIST_KEY_UISupportedInterfaceOrientations_iPad = "UIInterfaceOrientationPortrait UIInterfaceOrientationPortraitUpsideDown UIInterfaceOrientationLandscapeLeft UIInterfaceOrientationLandscapeRight";
				INFOPLIST_KEY_UISupportedInterfaceOrientations_iPhone = "UIInterfaceOrientationPortrait UIInterfaceOrientationLandscapeLeft UIInterfaceOrientationLandscapeRight";
				LD_RUNPATH_SEARCH_PATHS = (
					"$(inherited)",
					"@executable_path/Frameworks",
				);
				MARKETING_VERSION = 1.0;
				PRODUCT_BUNDLE_IDENTIFIER = "Goutham.WHO-Academy";
				PRODUCT_NAME = "$(TARGET_NAME)";
				SWIFT_EMIT_LOC_STRINGS = YES;
				SWIFT_VERSION = 5.0;
				TARGETED_DEVICE_FAMILY = "1,2";
			};
			name = Release;
		};
		99B680302BB14F2800BFAE63 /* Debug */ = {
			isa = XCBuildConfiguration;
			buildSettings = {
				ALWAYS_EMBED_SWIFT_STANDARD_LIBRARIES = YES;
				BUNDLE_LOADER = "$(TEST_HOST)";
				CODE_SIGN_STYLE = Automatic;
				CURRENT_PROJECT_VERSION = 1;
				GENERATE_INFOPLIST_FILE = YES;
				IPHONEOS_DEPLOYMENT_TARGET = 17.0;
				MARKETING_VERSION = 1.0;
				PRODUCT_BUNDLE_IDENTIFIER = "Goutham.WHO-AcademyTests";
				PRODUCT_NAME = "$(TARGET_NAME)";
				SWIFT_EMIT_LOC_STRINGS = NO;
				SWIFT_VERSION = 5.0;
				TARGETED_DEVICE_FAMILY = "1,2";
				TEST_HOST = "$(BUILT_PRODUCTS_DIR)/WHO Academy.app/$(BUNDLE_EXECUTABLE_FOLDER_PATH)/WHO Academy";
			};
			name = Debug;
		};
		99B680312BB14F2800BFAE63 /* Release */ = {
			isa = XCBuildConfiguration;
			buildSettings = {
				ALWAYS_EMBED_SWIFT_STANDARD_LIBRARIES = YES;
				BUNDLE_LOADER = "$(TEST_HOST)";
				CODE_SIGN_STYLE = Automatic;
				CURRENT_PROJECT_VERSION = 1;
				GENERATE_INFOPLIST_FILE = YES;
				IPHONEOS_DEPLOYMENT_TARGET = 17.0;
				MARKETING_VERSION = 1.0;
				PRODUCT_BUNDLE_IDENTIFIER = "Goutham.WHO-AcademyTests";
				PRODUCT_NAME = "$(TARGET_NAME)";
				SWIFT_EMIT_LOC_STRINGS = NO;
				SWIFT_VERSION = 5.0;
				TARGETED_DEVICE_FAMILY = "1,2";
				TEST_HOST = "$(BUILT_PRODUCTS_DIR)/WHO Academy.app/$(BUNDLE_EXECUTABLE_FOLDER_PATH)/WHO Academy";
			};
			name = Release;
		};
		99B680332BB14F2800BFAE63 /* Debug */ = {
			isa = XCBuildConfiguration;
			buildSettings = {
				ALWAYS_EMBED_SWIFT_STANDARD_LIBRARIES = YES;
				CODE_SIGN_STYLE = Automatic;
				CURRENT_PROJECT_VERSION = 1;
				GENERATE_INFOPLIST_FILE = YES;
				MARKETING_VERSION = 1.0;
				PRODUCT_BUNDLE_IDENTIFIER = "Goutham.WHO-AcademyUITests";
				PRODUCT_NAME = "$(TARGET_NAME)";
				SWIFT_EMIT_LOC_STRINGS = NO;
				SWIFT_VERSION = 5.0;
				TARGETED_DEVICE_FAMILY = "1,2";
				TEST_TARGET_NAME = "WHO Academy";
			};
			name = Debug;
		};
		99B680342BB14F2800BFAE63 /* Release */ = {
			isa = XCBuildConfiguration;
			buildSettings = {
				ALWAYS_EMBED_SWIFT_STANDARD_LIBRARIES = YES;
				CODE_SIGN_STYLE = Automatic;
				CURRENT_PROJECT_VERSION = 1;
				GENERATE_INFOPLIST_FILE = YES;
				MARKETING_VERSION = 1.0;
				PRODUCT_BUNDLE_IDENTIFIER = "Goutham.WHO-AcademyUITests";
				PRODUCT_NAME = "$(TARGET_NAME)";
				SWIFT_EMIT_LOC_STRINGS = NO;
				SWIFT_VERSION = 5.0;
				TARGETED_DEVICE_FAMILY = "1,2";
				TEST_TARGET_NAME = "WHO Academy";
			};
			name = Release;
		};
/* End XCBuildConfiguration section */

/* Begin XCConfigurationList section */
		99B680032BB14F2600BFAE63 /* Build configuration list for PBXProject "WHO Academy" */ = {
			isa = XCConfigurationList;
			buildConfigurations = (
				99B6802A2BB14F2800BFAE63 /* Debug */,
				99B6802B2BB14F2800BFAE63 /* Release */,
			);
			defaultConfigurationIsVisible = 0;
			defaultConfigurationName = Release;
		};
		99B6802C2BB14F2800BFAE63 /* Build configuration list for PBXNativeTarget "WHO Academy" */ = {
			isa = XCConfigurationList;
			buildConfigurations = (
				99B6802D2BB14F2800BFAE63 /* Debug */,
				99B6802E2BB14F2800BFAE63 /* Release */,
			);
			defaultConfigurationIsVisible = 0;
			defaultConfigurationName = Release;
		};
		99B6802F2BB14F2800BFAE63 /* Build configuration list for PBXNativeTarget "WHO AcademyTests" */ = {
			isa = XCConfigurationList;
			buildConfigurations = (
				99B680302BB14F2800BFAE63 /* Debug */,
				99B680312BB14F2800BFAE63 /* Release */,
			);
			defaultConfigurationIsVisible = 0;
			defaultConfigurationName = Release;
		};
		99B680322BB14F2800BFAE63 /* Build configuration list for PBXNativeTarget "WHO AcademyUITests" */ = {
			isa = XCConfigurationList;
			buildConfigurations = (
				99B680332BB14F2800BFAE63 /* Debug */,
				99B680342BB14F2800BFAE63 /* Release */,
			);
			defaultConfigurationIsVisible = 0;
			defaultConfigurationName = Release;
		};
/* End XCConfigurationList section */
	};
	rootObject = 99B680002BB14F2600BFAE63 /* Project object */;
}
